// !$*UTF8*$!
{
	archiveVersion = 1;
	classes = {
	};
	objectVersion = 46;
	objects = {

/* Begin PBXBuildFile section */
		45DFEE1C1BDA8BC300B9A39B /* main.m in Sources */ = {isa = PBXBuildFile; fileRef = 45DFEE1B1BDA8BC300B9A39B /* main.m */; };
		45DFEE1F1BDA8BC300B9A39B /* AppDelegate.m in Sources */ = {isa = PBXBuildFile; fileRef = 45DFEE1E1BDA8BC300B9A39B /* AppDelegate.m */; };
		45DFEE221BDA8BC300B9A39B /* ViewController.m in Sources */ = {isa = PBXBuildFile; fileRef = 45DFEE211BDA8BC300B9A39B /* ViewController.m */; };
		45DFEE251BDA8BC300B9A39B /* Main.storyboard in Resources */ = {isa = PBXBuildFile; fileRef = 45DFEE231BDA8BC300B9A39B /* Main.storyboard */; };
		45DFEE271BDA8BC300B9A39B /* Images.xcassets in Resources */ = {isa = PBXBuildFile; fileRef = 45DFEE261BDA8BC300B9A39B /* Images.xcassets */; };
		45DFEE2A1BDA8BC300B9A39B /* LaunchScreen.xib in Resources */ = {isa = PBXBuildFile; fileRef = 45DFEE281BDA8BC300B9A39B /* LaunchScreen.xib */; };
		45DFEE361BDA8BC400B9A39B /* WeatherClockAppTests.m in Sources */ = {isa = PBXBuildFile; fileRef = 45DFEE351BDA8BC400B9A39B /* WeatherClockAppTests.m */; };
/* End PBXBuildFile section */

/* Begin PBXContainerItemProxy section */
		45DFEE301BDA8BC400B9A39B /* PBXContainerItemProxy */ = {
			isa = PBXContainerItemProxy;
			containerPortal = 45DFEE0E1BDA8BC300B9A39B /* Project object */;
			proxyType = 1;
			remoteGlobalIDString = 45DFEE151BDA8BC300B9A39B;
			remoteInfo = WeatherClockApp;
		};
/* End PBXContainerItemProxy section */

/* Begin PBXFileReference section */
		45DFEE161BDA8BC300B9A39B /* WeatherClockApp.app */ = {isa = PBXFileReference; explicitFileType = wrapper.application; includeInIndex = 0; path = WeatherClockApp.app; sourceTree = BUILT_PRODUCTS_DIR; };
		45DFEE1A1BDA8BC300B9A39B /* Info.plist */ = {isa = PBXFileReference; lastKnownFileType = text.plist.xml; path = Info.plist; sourceTree = "<group>"; };
		45DFEE1B1BDA8BC300B9A39B /* main.m */ = {isa = PBXFileReference; lastKnownFileType = sourcecode.c.objc; path = main.m; sourceTree = "<group>"; };
		45DFEE1D1BDA8BC300B9A39B /* AppDelegate.h */ = {isa = PBXFileReference; lastKnownFileType = sourcecode.c.h; path = AppDelegate.h; sourceTree = "<group>"; };
		45DFEE1E1BDA8BC300B9A39B /* AppDelegate.m */ = {isa = PBXFileReference; lastKnownFileType = sourcecode.c.objc; path = AppDelegate.m; sourceTree = "<group>"; };
		45DFEE201BDA8BC300B9A39B /* ViewController.h */ = {isa = PBXFileReference; lastKnownFileType = sourcecode.c.h; path = ViewController.h; sourceTree = "<group>"; };
		45DFEE211BDA8BC300B9A39B /* ViewController.m */ = {isa = PBXFileReference; lastKnownFileType = sourcecode.c.objc; path = ViewController.m; sourceTree = "<group>"; };
		45DFEE241BDA8BC300B9A39B /* Base */ = {isa = PBXFileReference; lastKnownFileType = file.storyboard; name = Base; path = Base.lproj/Main.storyboard; sourceTree = "<group>"; };
		45DFEE261BDA8BC300B9A39B /* Images.xcassets */ = {isa = PBXFileReference; lastKnownFileType = folder.assetcatalog; path = Images.xcassets; sourceTree = "<group>"; };
		45DFEE291BDA8BC300B9A39B /* Base */ = {isa = PBXFileReference; lastKnownFileType = file.xib; name = Base; path = Base.lproj/LaunchScreen.xib; sourceTree = "<group>"; };
		45DFEE2F1BDA8BC400B9A39B /* WeatherClockAppTests.xctest */ = {isa = PBXFileReference; explicitFileType = wrapper.cfbundle; includeInIndex = 0; path = WeatherClockAppTests.xctest; sourceTree = BUILT_PRODUCTS_DIR; };
		45DFEE341BDA8BC400B9A39B /* Info.plist */ = {isa = PBXFileReference; lastKnownFileType = text.plist.xml; path = Info.plist; sourceTree = "<group>"; };
		45DFEE351BDA8BC400B9A39B /* WeatherClockAppTests.m */ = {isa = PBXFileReference; lastKnownFileType = sourcecode.c.objc; path = WeatherClockAppTests.m; sourceTree = "<group>"; };
/* End PBXFileReference section */

/* Begin PBXFrameworksBuildPhase section */
		45DFEE131BDA8BC300B9A39B /* Frameworks */ = {
			isa = PBXFrameworksBuildPhase;
			buildActionMask = 2147483647;
			files = (
			);
			runOnlyForDeploymentPostprocessing = 0;
		};
		45DFEE2C1BDA8BC400B9A39B /* Frameworks */ = {
			isa = PBXFrameworksBuildPhase;
			buildActionMask = 2147483647;
			files = (
			);
			runOnlyForDeploymentPostprocessing = 0;
		};
/* End PBXFrameworksBuildPhase section */

/* Begin PBXGroup section */
		45DFEE0D1BDA8BC300B9A39B = {
			isa = PBXGroup;
			children = (
				45DFEE181BDA8BC300B9A39B /* WeatherClockApp */,
				45DFEE321BDA8BC400B9A39B /* WeatherClockAppTests */,
				45DFEE171BDA8BC300B9A39B /* Products */,
			);
			sourceTree = "<group>";
		};
		45DFEE171BDA8BC300B9A39B /* Products */ = {
			isa = PBXGroup;
			children = (
				45DFEE161BDA8BC300B9A39B /* WeatherClockApp.app */,
				45DFEE2F1BDA8BC400B9A39B /* WeatherClockAppTests.xctest */,
			);
			name = Products;
			sourceTree = "<group>";
		};
		45DFEE181BDA8BC300B9A39B /* WeatherClockApp */ = {
			isa = PBXGroup;
			children = (
				45DFEE1D1BDA8BC300B9A39B /* AppDelegate.h */,
				45DFEE1E1BDA8BC300B9A39B /* AppDelegate.m */,
				45DFEE201BDA8BC300B9A39B /* ViewController.h */,
				45DFEE211BDA8BC300B9A39B /* ViewController.m */,
				45DFEE231BDA8BC300B9A39B /* Main.storyboard */,
				45DFEE261BDA8BC300B9A39B /* Images.xcassets */,
				45DFEE281BDA8BC300B9A39B /* LaunchScreen.xib */,
				45DFEE191BDA8BC300B9A39B /* Supporting Files */,
			);
			path = WeatherClockApp;
			sourceTree = "<group>";
		};
		45DFEE191BDA8BC300B9A39B /* Supporting Files */ = {
			isa = PBXGroup;
			children = (
				45DFEE1A1BDA8BC300B9A39B /* Info.plist */,
				45DFEE1B1BDA8BC300B9A39B /* main.m */,
			);
			name = "Supporting Files";
			sourceTree = "<group>";
		};
		45DFEE321BDA8BC400B9A39B /* WeatherClockAppTests */ = {
			isa = PBXGroup;
			children = (
				45DFEE351BDA8BC400B9A39B /* WeatherClockAppTests.m */,
				45DFEE331BDA8BC400B9A39B /* Supporting Files */,
			);
			path = WeatherClockAppTests;
			sourceTree = "<group>";
		};
		45DFEE331BDA8BC400B9A39B /* Supporting Files */ = {
			isa = PBXGroup;
			children = (
				45DFEE341BDA8BC400B9A39B /* Info.plist */,
			);
			name = "Supporting Files";
			sourceTree = "<group>";
		};
/* End PBXGroup section */

/* Begin PBXNativeTarget section */
		45DFEE151BDA8BC300B9A39B /* WeatherClockApp */ = {
			isa = PBXNativeTarget;
			buildConfigurationList = 45DFEE391BDA8BC400B9A39B /* Build configuration list for PBXNativeTarget "WeatherClockApp" */;
			buildPhases = (
				45DFEE121BDA8BC300B9A39B /* Sources */,
				45DFEE131BDA8BC300B9A39B /* Frameworks */,
				45DFEE141BDA8BC300B9A39B /* Resources */,
			);
			buildRules = (
			);
			dependencies = (
			);
			name = WeatherClockApp;
			productName = WeatherClockApp;
			productReference = 45DFEE161BDA8BC300B9A39B /* WeatherClockApp.app */;
			productType = "com.apple.product-type.application";
		};
		45DFEE2E1BDA8BC400B9A39B /* WeatherClockAppTests */ = {
			isa = PBXNativeTarget;
			buildConfigurationList = 45DFEE3C1BDA8BC400B9A39B /* Build configuration list for PBXNativeTarget "WeatherClockAppTests" */;
			buildPhases = (
				45DFEE2B1BDA8BC400B9A39B /* Sources */,
				45DFEE2C1BDA8BC400B9A39B /* Frameworks */,
				45DFEE2D1BDA8BC400B9A39B /* Resources */,
			);
			buildRules = (
			);
			dependencies = (
				45DFEE311BDA8BC400B9A39B /* PBXTargetDependency */,
			);
			name = WeatherClockAppTests;
			productName = WeatherClockAppTests;
			productReference = 45DFEE2F1BDA8BC400B9A39B /* WeatherClockAppTests.xctest */;
			productType = "com.apple.product-type.bundle.unit-test";
		};
/* End PBXNativeTarget section */

/* Begin PBXProject section */
		45DFEE0E1BDA8BC300B9A39B /* Project object */ = {
			isa = PBXProject;
			attributes = {
				LastUpgradeCheck = 0640;
				ORGANIZATIONNAME = "刘林";
				TargetAttributes = {
					45DFEE151BDA8BC300B9A39B = {
						CreatedOnToolsVersion = 6.4;
					};
					45DFEE2E1BDA8BC400B9A39B = {
						CreatedOnToolsVersion = 6.4;
						TestTargetID = 45DFEE151BDA8BC300B9A39B;
					};
				};
			};
			buildConfigurationList = 45DFEE111BDA8BC300B9A39B /* Build configuration list for PBXProject "WeatherClockApp" */;
			compatibilityVersion = "Xcode 3.2";
			developmentRegion = English;
			hasScannedForEncodings = 0;
			knownRegions = (
				en,
				Base,
			);
			mainGroup = 45DFEE0D1BDA8BC300B9A39B;
			productRefGroup = 45DFEE171BDA8BC300B9A39B /* Products */;
			projectDirPath = "";
			projectRoot = "";
			targets = (
				45DFEE151BDA8BC300B9A39B /* WeatherClockApp */,
				45DFEE2E1BDA8BC400B9A39B /* WeatherClockAppTests */,
			);
		};
/* End PBXProject section */

/* Begin PBXResourcesBuildPhase section */
		45DFEE141BDA8BC300B9A39B /* Resources */ = {
			isa = PBXResourcesBuildPhase;
			buildActionMask = 2147483647;
			files = (
				45DFEE251BDA8BC300B9A39B /* Main.storyboard in Resources */,
				45DFEE2A1BDA8BC300B9A39B /* LaunchScreen.xib in Resources */,
				45DFEE271BDA8BC300B9A39B /* Images.xcassets in Resources */,
			);
			runOnlyForDeploymentPostprocessing = 0;
		};
		45DFEE2D1BDA8BC400B9A39B /* Resources */ = {
			isa = PBXResourcesBuildPhase;
			buildActionMask = 2147483647;
			files = (
			);
			runOnlyForDeploymentPostprocessing = 0;
		};
/* End PBXResourcesBuildPhase section */

/* Begin PBXSourcesBuildPhase section */
		45DFEE121BDA8BC300B9A39B /* Sources */ = {
			isa = PBXSourcesBuildPhase;
			buildActionMask = 2147483647;
			files = (
				45DFEE221BDA8BC300B9A39B /* ViewController.m in Sources */,
				45DFEE1F1BDA8BC300B9A39B /* AppDelegate.m in Sources */,
				45DFEE1C1BDA8BC300B9A39B /* main.m in Sources */,
			);
			runOnlyForDeploymentPostprocessing = 0;
		};
		45DFEE2B1BDA8BC400B9A39B /* Sources */ = {
			isa = PBXSourcesBuildPhase;
			buildActionMask = 2147483647;
			files = (
				45DFEE361BDA8BC400B9A39B /* WeatherClockAppTests.m in Sources */,
			);
			runOnlyForDeploymentPostprocessing = 0;
		};
/* End PBXSourcesBuildPhase section */

/* Begin PBXTargetDependency section */
		45DFEE311BDA8BC400B9A39B /* PBXTargetDependency */ = {
			isa = PBXTargetDependency;
			target = 45DFEE151BDA8BC300B9A39B /* WeatherClockApp */;
			targetProxy = 45DFEE301BDA8BC400B9A39B /* PBXContainerItemProxy */;
		};
/* End PBXTargetDependency section */

/* Begin PBXVariantGroup section */
		45DFEE231BDA8BC300B9A39B /* Main.storyboard */ = {
			isa = PBXVariantGroup;
			children = (
				45DFEE241BDA8BC300B9A39B /* Base */,
			);
			name = Main.storyboard;
			sourceTree = "<group>";
		};
		45DFEE281BDA8BC300B9A39B /* LaunchScreen.xib */ = {
			isa = PBXVariantGroup;
			children = (
				45DFEE291BDA8BC300B9A39B /* Base */,
			);
			name = LaunchScreen.xib;
			sourceTree = "<group>";
		};
/* End PBXVariantGroup section */

/* Begin XCBuildConfiguration section */
		45DFEE371BDA8BC400B9A39B /* Debug */ = {
			isa = XCBuildConfiguration;
			buildSettings = {
				ALWAYS_SEARCH_USER_PATHS = NO;
				CLANG_CXX_LANGUAGE_STANDARD = "gnu++0x";
				CLANG_CXX_LIBRARY = "libc++";
				CLANG_ENABLE_MODULES = YES;
				CLANG_ENABLE_OBJC_ARC = YES;
				CLANG_WARN_BOOL_CONVERSION = YES;
				CLANG_WARN_CONSTANT_CONVERSION = YES;
				CLANG_WARN_DIRECT_OBJC_ISA_USAGE = YES_ERROR;
				CLANG_WARN_EMPTY_BODY = YES;
				CLANG_WARN_ENUM_CONVERSION = YES;
				CLANG_WARN_INT_CONVERSION = YES;
				CLANG_WARN_OBJC_ROOT_CLASS = YES_ERROR;
				CLANG_WARN_UNREACHABLE_CODE = YES;
				CLANG_WARN__DUPLICATE_METHOD_MATCH = YES;
				"CODE_SIGN_IDENTITY[sdk=iphoneos*]" = "iPhone Developer";
				COPY_PHASE_STRIP = NO;
				DEBUG_INFORMATION_FORMAT = "dwarf-with-dsym";
				ENABLE_STRICT_OBJC_MSGSEND = YES;
				GCC_C_LANGUAGE_STANDARD = gnu99;
				GCC_DYNAMIC_NO_PIC = NO;
				GCC_NO_COMMON_BLOCKS = YES;
				GCC_OPTIMIZATION_LEVEL = 0;
				GCC_PREPROCESSOR_DEFINITIONS = (
					"DEBUG=1",
					"$(inherited)",
				);
				GCC_SYMBOLS_PRIVATE_EXTERN = NO;
				GCC_WARN_64_TO_32_BIT_CONVERSION = YES;
				GCC_WARN_ABOUT_RETURN_TYPE = YES_ERROR;
				GCC_WARN_UNDECLARED_SELECTOR = YES;
				GCC_WARN_UNINITIALIZED_AUTOS = YES_AGGRESSIVE;
				GCC_WARN_UNUSED_FUNCTION = YES;
				GCC_WARN_UNUSED_VARIABLE = YES;
				IPHONEOS_DEPLOYMENT_TARGET = 8.4;
				MTL_ENABLE_DEBUG_INFO = YES;
				ONLY_ACTIVE_ARCH = YES;
				SDKROOT = iphoneos;
			};
			name = Debug;
		};
		45DFEE381BDA8BC400B9A39B /* Release */ = {
			isa = XCBuildConfiguration;
			buildSettings = {
				ALWAYS_SEARCH_USER_PATHS = NO;
				CLANG_CXX_LANGUAGE_STANDARD = "gnu++0x";
				CLANG_CXX_LIBRARY = "libc++";
				CLANG_ENABLE_MODULES = YES;
				CLANG_ENABLE_OBJC_ARC = YES;
				CLANG_WARN_BOOL_CONVERSION = YES;
				CLANG_WARN_CONSTANT_CONVERSION = YES;
				CLANG_WARN_DIRECT_OBJC_ISA_USAGE = YES_ERROR;
				CLANG_WARN_EMPTY_BODY = YES;
				CLANG_WARN_ENUM_CONVERSION = YES;
				CLANG_WARN_INT_CONVERSION = YES;
				CLANG_WARN_OBJC_ROOT_CLASS = YES_ERROR;
				CLANG_WARN_UNREACHABLE_CODE = YES;
				CLANG_WARN__DUPLICATE_METHOD_MATCH = YES;
				"CODE_SIGN_IDENTITY[sdk=iphoneos*]" = "iPhone Developer";
				COPY_PHASE_STRIP = NO;
				DEBUG_INFORMATION_FORMAT = "dwarf-with-dsym";
				ENABLE_NS_ASSERTIONS = NO;
				ENABLE_STRICT_OBJC_MSGSEND = YES;
				GCC_C_LANGUAGE_STANDARD = gnu99;
				GCC_NO_COMMON_BLOCKS = YES;
				GCC_WARN_64_TO_32_BIT_CONVERSION = YES;
				GCC_WARN_ABOUT_RETURN_TYPE = YES_ERROR;
				GCC_WARN_UNDECLARED_SELECTOR = YES;
				GCC_WARN_UNINITIALIZED_AUTOS = YES_AGGRESSIVE;
				GCC_WARN_UNUSED_FUNCTION = YES;
				GCC_WARN_UNUSED_VARIABLE = YES;
				IPHONEOS_DEPLOYMENT_TARGET = 8.4;
				MTL_ENABLE_DEBUG_INFO = NO;
				SDKROOT = iphoneos;
				VALIDATE_PRODUCT = YES;
			};
			name = Release;
		};
		45DFEE3A1BDA8BC400B9A39B /* Debug */ = {
			isa = XCBuildConfiguration;
			buildSettings = {
				ASSETCATALOG_COMPILER_APPICON_NAME = AppIcon;
				INFOPLIST_FILE = WeatherClockApp/Info.plist;
				LD_RUNPATH_SEARCH_PATHS = "$(inherited) @executable_path/Frameworks";
				PRODUCT_NAME = "$(TARGET_NAME)";
			};
			name = Debug;
		};
		45DFEE3B1BDA8BC400B9A39B /* Release */ = {
			isa = XCBuildConfiguration;
			buildSettings = {
				ASSETCATALOG_COMPILER_APPICON_NAME = AppIcon;
				INFOPLIST_FILE = WeatherClockApp/Info.plist;
				LD_RUNPATH_SEARCH_PATHS = "$(inherited) @executable_path/Frameworks";
				PRODUCT_NAME = "$(TARGET_NAME)";
			};
			name = Release;
		};
		45DFEE3D1BDA8BC400B9A39B /* Debug */ = {
			isa = XCBuildConfiguration;
			buildSettings = {
				BUNDLE_LOADER = "$(TEST_HOST)";
				FRAMEWORK_SEARCH_PATHS = (
					"$(SDKROOT)/Developer/Library/Frameworks",
					"$(inherited)",
				);
				GCC_PREPROCESSOR_DEFINITIONS = (
					"DEBUG=1",
					"$(inherited)",
				);
				INFOPLIST_FILE = WeatherClockAppTests/Info.plist;
				LD_RUNPATH_SEARCH_PATHS = "$(inherited) @executable_path/Frameworks @loader_path/Frameworks";
				PRODUCT_NAME = "$(TARGET_NAME)";
				TEST_HOST = "$(BUILT_PRODUCTS_DIR)/WeatherClockApp.app/WeatherClockApp";
			};
			name = Debug;
		};
		45DFEE3E1BDA8BC400B9A39B /* Release */ = {
			isa = XCBuildConfiguration;
			buildSettings = {
				BUNDLE_LOADER = "$(TEST_HOST)";
				FRAMEWORK_SEARCH_PATHS = (
					"$(SDKROOT)/Developer/Library/Frameworks",
					"$(inherited)",
				);
				INFOPLIST_FILE = WeatherClockAppTests/Info.plist;
				LD_RUNPATH_SEARCH_PATHS = "$(inherited) @executable_path/Frameworks @loader_path/Frameworks";
				PRODUCT_NAME = "$(TARGET_NAME)";
				TEST_HOST = "$(BUILT_PRODUCTS_DIR)/WeatherClockApp.app/WeatherClockApp";
			};
			name = Release;
		};
/* End XCBuildConfiguration section */

/* Begin XCConfigurationList section */
		45DFEE111BDA8BC300B9A39B /* Build configuration list for PBXProject "WeatherClockApp" */ = {
			isa = XCConfigurationList;
			buildConfigurations = (
				45DFEE371BDA8BC400B9A39B /* Debug */,
				45DFEE381BDA8BC400B9A39B /* Release */,
			);
			defaultConfigurationIsVisible = 0;
			defaultConfigurationName = Release;
		};
		45DFEE391BDA8BC400B9A39B /* Build configuration list for PBXNativeTarget "WeatherClockApp" */ = {
			isa = XCConfigurationList;
			buildConfigurations = (
				45DFEE3A1BDA8BC400B9A39B /* Debug */,
				45DFEE3B1BDA8BC400B9A39B /* Release */,
			);
			defaultConfigurationIsVisible = 0;
		};
		45DFEE3C1BDA8BC400B9A39B /* Build configuration list for PBXNativeTarget "WeatherClockAppTests" */ = {
			isa = XCConfigurationList;
			buildConfigurations = (
				45DFEE3D1BDA8BC400B9A39B /* Debug */,
				45DFEE3E1BDA8BC400B9A39B /* Release */,
			);
			defaultConfigurationIsVisible = 0;
		};
/* End XCConfigurationList section */
	};
	rootObject = 45DFEE0E1BDA8BC300B9A39B /* Project object */;
}
